// !$*UTF8*$!
{
	archiveVersion = 1;
	classes = {
	};
	objectVersion = 46;
	objects = {

/* Begin PBXBuildFile section */
		1B7F055F1E4658F700A577E7 /* main.swift in Sources */ = {isa = PBXBuildFile; fileRef = 1B7F055E1E4658F700A577E7 /* main.swift */; };
		1B7F05661E46595D00A577E7 /* OmniGraffleScripting.swift in Sources */ = {isa = PBXBuildFile; fileRef = 1B7F05651E46595D00A577E7 /* OmniGraffleScripting.swift */; };
		1BB1D6071E465D8B007B62DB /* Graph.swift in Sources */ = {isa = PBXBuildFile; fileRef = 1BB1D6061E465D8B007B62DB /* Graph.swift */; };
		1BB1D6091E465D94007B62DB /* Node.swift in Sources */ = {isa = PBXBuildFile; fileRef = 1BB1D6081E465D94007B62DB /* Node.swift */; };
		1BB1D60B1E465E49007B62DB /* GraphOmniGraffle.swift in Sources */ = {isa = PBXBuildFile; fileRef = 1BB1D60A1E465E49007B62DB /* GraphOmniGraffle.swift */; };
/* End PBXBuildFile section */

/* Begin PBXCopyFilesBuildPhase section */
		1B7F05591E4658F600A577E7 /* CopyFiles */ = {
			isa = PBXCopyFilesBuildPhase;
			buildActionMask = 2147483647;
			dstPath = /usr/share/man/man1/;
			dstSubfolderSpec = 0;
			files = (
			);
			runOnlyForDeploymentPostprocessing = 1;
		};
/* End PBXCopyFilesBuildPhase section */

/* Begin PBXFileReference section */
		1B7F055B1E4658F700A577E7 /* ogg */ = {isa = PBXFileReference; explicitFileType = "compiled.mach-o.executable"; includeInIndex = 0; path = ogg; sourceTree = BUILT_PRODUCTS_DIR; };
		1B7F055E1E4658F700A577E7 /* main.swift */ = {isa = PBXFileReference; lastKnownFileType = sourcecode.swift; path = main.swift; sourceTree = "<group>"; };
		1B7F05651E46595D00A577E7 /* OmniGraffleScripting.swift */ = {isa = PBXFileReference; fileEncoding = 4; lastKnownFileType = sourcecode.swift; path = OmniGraffleScripting.swift; sourceTree = "<group>"; };
		1BB1D6061E465D8B007B62DB /* Graph.swift */ = {isa = PBXFileReference; fileEncoding = 4; lastKnownFileType = sourcecode.swift; path = Graph.swift; sourceTree = "<group>"; };
		1BB1D6081E465D94007B62DB /* Node.swift */ = {isa = PBXFileReference; fileEncoding = 4; lastKnownFileType = sourcecode.swift; path = Node.swift; sourceTree = "<group>"; };
		1BB1D60A1E465E49007B62DB /* GraphOmniGraffle.swift */ = {isa = PBXFileReference; fileEncoding = 4; lastKnownFileType = sourcecode.swift; name = GraphOmniGraffle.swift; path = ../GraphOmniGraffle.swift; sourceTree = "<group>"; };
		1BECE6031E49622100D56DF6 /* OmniGraffle.h */ = {isa = PBXFileReference; lastKnownFileType = sourcecode.c.h; path = OmniGraffle.h; sourceTree = "<group>"; };
/* End PBXFileReference section */

/* Begin PBXFrameworksBuildPhase section */
		1B7F05581E4658F600A577E7 /* Frameworks */ = {
			isa = PBXFrameworksBuildPhase;
			buildActionMask = 2147483647;
			files = (
			);
			runOnlyForDeploymentPostprocessing = 0;
		};
/* End PBXFrameworksBuildPhase section */

/* Begin PBXGroup section */
		1B7F05521E4658F600A577E7 = {
			isa = PBXGroup;
			children = (
				1B7F055D1E4658F700A577E7 /* ogg */,
				1B7F055C1E4658F700A577E7 /* Products */,
			);
			sourceTree = "<group>";
		};
		1B7F055C1E4658F700A577E7 /* Products */ = {
			isa = PBXGroup;
			children = (
				1B7F055B1E4658F700A577E7 /* ogg */,
			);
			name = Products;
			sourceTree = "<group>";
		};
		1B7F055D1E4658F700A577E7 /* ogg */ = {
			isa = PBXGroup;
			children = (
				1BB1D60A1E465E49007B62DB /* GraphOmniGraffle.swift */,
				1BB1D6051E465D7A007B62DB /* GraphLibrary */,
				1B7F055E1E4658F700A577E7 /* main.swift */,
				1B7F05651E46595D00A577E7 /* OmniGraffleScripting.swift */,
				1BECE6031E49622100D56DF6 /* OmniGraffle.h */,
			);
			path = ogg;
			sourceTree = "<group>";
		};
		1BB1D6051E465D7A007B62DB /* GraphLibrary */ = {
			isa = PBXGroup;
			children = (
				1BB1D6061E465D8B007B62DB /* Graph.swift */,
				1BB1D6081E465D94007B62DB /* Node.swift */,
			);
			name = GraphLibrary;
			sourceTree = "<group>";
		};
/* End PBXGroup section */

/* Begin PBXNativeTarget section */
		1B7F055A1E4658F600A577E7 /* ogg */ = {
			isa = PBXNativeTarget;
			buildConfigurationList = 1B7F05621E4658F700A577E7 /* Build configuration list for PBXNativeTarget "ogg" */;
			buildPhases = (
				1B7F05571E4658F600A577E7 /* Sources */,
				1B7F05581E4658F600A577E7 /* Frameworks */,
				1B7F05591E4658F600A577E7 /* CopyFiles */,
			);
			buildRules = (
			);
			dependencies = (
			);
			name = ogg;
			productName = ogg;
			productReference = 1B7F055B1E4658F700A577E7 /* ogg */;
			productType = "com.apple.product-type.tool";
		};
/* End PBXNativeTarget section */

/* Begin PBXProject section */
		1B7F05531E4658F600A577E7 /* Project object */ = {
			isa = PBXProject;
			attributes = {
				LastSwiftUpdateCheck = 0820;
				LastUpgradeCheck = 0820;
				ORGANIZATIONNAME = "michael prenez-isbell";
				TargetAttributes = {
					1B7F055A1E4658F600A577E7 = {
						CreatedOnToolsVersion = 8.2.1;
						DevelopmentTeam = 9HQ4K3RS9N;
						ProvisioningStyle = Automatic;
					};
				};
			};
			buildConfigurationList = 1B7F05561E4658F600A577E7 /* Build configuration list for PBXProject "ogg" */;
			compatibilityVersion = "Xcode 3.2";
			developmentRegion = English;
			hasScannedForEncodings = 0;
			knownRegions = (
				en,
			);
			mainGroup = 1B7F05521E4658F600A577E7;
			productRefGroup = 1B7F055C1E4658F700A577E7 /* Products */;
			projectDirPath = "";
			projectRoot = "";
			targets = (
				1B7F055A1E4658F600A577E7 /* ogg */,
			);
		};
/* End PBXProject section */

/* Begin PBXSourcesBuildPhase section */
		1B7F05571E4658F600A577E7 /* Sources */ = {
			isa = PBXSourcesBuildPhase;
			buildActionMask = 2147483647;
			files = (
				1BB1D6071E465D8B007B62DB /* Graph.swift in Sources */,
				1B7F05661E46595D00A577E7 /* OmniGraffleScripting.swift in Sources */,
				1B7F055F1E4658F700A577E7 /* main.swift in Sources */,
				1BB1D6091E465D94007B62DB /* Node.swift in Sources */,
				1BB1D60B1E465E49007B62DB /* GraphOmniGraffle.swift in Sources */,
			);
			runOnlyForDeploymentPostprocessing = 0;
		};
/* End PBXSourcesBuildPhase section */

/* Begin XCBuildConfiguration section */
		1B7F05601E4658F700A577E7 /* Debug */ = {
			isa = XCBuildConfiguration;
			buildSettings = {
				ALWAYS_SEARCH_USER_PATHS = NO;
				CLANG_ANALYZER_NONNULL = YES;
				CLANG_CXX_LANGUAGE_STANDARD = "gnu++0x";
				CLANG_CXX_LIBRARY = "libc++";
				CLANG_ENABLE_MODULES = YES;
				CLANG_ENABLE_OBJC_ARC = YES;
				CLANG_WARN_BOOL_CONVERSION = YES;
				CLANG_WARN_CONSTANT_CONVERSION = YES;
				CLANG_WARN_DIRECT_OBJC_ISA_USAGE = YES_ERROR;
				CLANG_WARN_DOCUMENTATION_COMMENTS = YES;
				CLANG_WARN_EMPTY_BODY = YES;
				CLANG_WARN_ENUM_CONVERSION = YES;
				CLANG_WARN_INFINITE_RECURSION = YES;
				CLANG_WARN_INT_CONVERSION = YES;
				CLANG_WARN_OBJC_ROOT_CLASS = YES_ERROR;
				CLANG_WARN_SUSPICIOUS_MOVE = YES;
				CLANG_WARN_UNREACHABLE_CODE = YES;
				CLANG_WARN__DUPLICATE_METHOD_MATCH = YES;
				CODE_SIGN_IDENTITY = "-";
				COPY_PHASE_STRIP = NO;
				DEBUG_INFORMATION_FORMAT = dwarf;
				ENABLE_STRICT_OBJC_MSGSEND = YES;
				ENABLE_TESTABILITY = YES;
				GCC_C_LANGUAGE_STANDARD = gnu99;
				GCC_DYNAMIC_NO_PIC = NO;
				GCC_NO_COMMON_BLOCKS = YES;
				GCC_OPTIMIZATION_LEVEL = 0;
				GCC_PREPROCESSOR_DEFINITIONS = (
					"DEBUG=1",
					"$(inherited)",
				);
				GCC_WARN_64_TO_32_BIT_CONVERSION = YES;
				GCC_WARN_ABOUT_RETURN_TYPE = YES_ERROR;
				GCC_WARN_UNDECLARED_SELECTOR = YES;
				GCC_WARN_UNINITIALIZED_AUTOS = YES_AGGRESSIVE;
				GCC_WARN_UNUSED_FUNCTION = YES;
				GCC_WARN_UNUSED_VARIABLE = YES;
				MACOSX_DEPLOYMENT_TARGET = 10.12;
				MTL_ENABLE_DEBUG_INFO = YES;
				ONLY_ACTIVE_ARCH = YES;
				SDKROOT = macosx;
				SWIFT_OPTIMIZATION_LEVEL = "-Onone";
			};
			name = Debug;
		};
		1B7F05611E4658F700A577E7 /* Release */ = {
			isa = XCBuildConfiguration;
			buildSettings = {
				ALWAYS_SEARCH_USER_PATHS = NO;
				CLANG_ANALYZER_NONNULL = YES;
				CLANG_CXX_LANGUAGE_STANDARD = "gnu++0x";
				CLANG_CXX_LIBRARY = "libc++";
				CLANG_ENABLE_MODULES = YES;
				CLANG_ENABLE_OBJC_ARC = YES;
				CLANG_WARN_BOOL_CONVERSION = YES;
				CLANG_WARN_CONSTANT_CONVERSION = YES;
				CLANG_WARN_DIRECT_OBJC_ISA_USAGE = YES_ERROR;
				CLANG_WARN_DOCUMENTATION_COMMENTS = YES;
				CLANG_WARN_EMPTY_BODY = YES;
				CLANG_WARN_ENUM_CONVERSION = YES;
				CLANG_WARN_INFINITE_RECURSION = YES;
				CLANG_WARN_INT_CONVERSION = YES;
				CLANG_WARN_OBJC_ROOT_CLASS = YES_ERROR;
				CLANG_WARN_SUSPICIOUS_MOVE = YES;
				CLANG_WARN_UNREACHABLE_CODE = YES;
				CLANG_WARN__DUPLICATE_METHOD_MATCH = YES;
				CODE_SIGN_IDENTITY = "-";
				COPY_PHASE_STRIP = NO;
				DEBUG_INFORMATION_FORMAT = "dwarf-with-dsym";
				ENABLE_NS_ASSERTIONS = NO;
				ENABLE_STRICT_OBJC_MSGSEND = YES;
				GCC_C_LANGUAGE_STANDARD = gnu99;
				GCC_NO_COMMON_BLOCKS = YES;
				GCC_WARN_64_TO_32_BIT_CONVERSION = YES;
				GCC_WARN_ABOUT_RETURN_TYPE = YES_ERROR;
				GCC_WARN_UNDECLARED_SELECTOR = YES;
				GCC_WARN_UNINITIALIZED_AUTOS = YES_AGGRESSIVE;
				GCC_WARN_UNUSED_FUNCTION = YES;
				GCC_WARN_UNUSED_VARIABLE = YES;
				MACOSX_DEPLOYMENT_TARGET = 10.12;
				MTL_ENABLE_DEBUG_INFO = NO;
				SDKROOT = macosx;
			};
			name = Release;
		};
		1B7F05631E4658F700A577E7 /* Debug */ = {
			isa = XCBuildConfiguration;
			buildSettings = {
				DEVELOPMENT_TEAM = 9HQ4K3RS9N;
				PRODUCT_NAME = "$(TARGET_NAME)";
				SWIFT_VERSION = 3.0;
			};
			name = Debug;
		};
		1B7F05641E4658F700A577E7 /* Release */ = {
			isa = XCBuildConfiguration;
			buildSettings = {
				DEVELOPMENT_TEAM = 9HQ4K3RS9N;
				PRODUCT_NAME = "$(TARGET_NAME)";
				SWIFT_VERSION = 3.0;
			};
			name = Release;
		};
/* End XCBuildConfiguration section */

/* Begin XCConfigurationList section */
		1B7F05561E4658F600A577E7 /* Build configuration list for PBXProject "ogg" */ = {
			isa = XCConfigurationList;
			buildConfigurations = (
				1B7F05601E4658F700A577E7 /* Debug */,
				1B7F05611E4658F700A577E7 /* Release */,
			);
			defaultConfigurationIsVisible = 0;
			defaultConfigurationName = Release;
		};
		1B7F05621E4658F700A577E7 /* Build configuration list for PBXNativeTarget "ogg" */ = {
			isa = XCConfigurationList;
			buildConfigurations = (
				1B7F05631E4658F700A577E7 /* Debug */,
				1B7F05641E4658F700A577E7 /* Release */,
			);
			defaultConfigurationIsVisible = 0;
			defaultConfigurationName = Release;
		};
/* End XCConfigurationList section */
	};
	rootObject = 1B7F05531E4658F600A577E7 /* Project object */;
}
